{
  "requires": true,
  "lockfileVersion": 1,
  "dependencies": {
    "@fortawesome/fontawesome-free-webfonts": {
      "version": "1.0.4",
      "resolved": "https://registry.npmjs.org/@fortawesome/fontawesome-free-webfonts/-/fontawesome-free-webfonts-1.0.4.tgz",
      "integrity": "sha512-uYd3d748klO7/+0N2F0JFYO1JeSR8/VF50S2+anI3/tG56GDAaT7fwTwlhv3N+C023f4vw3z7IPRc9ixstaAcw=="
    }
  }
}
